
Microsoft Visual Studio Solution File, Format Version 12.00
# Visual Studio Version 17
VisualStudioVersion = 17.7.34031.279
MinimumVisualStudioVersion = 10.0.40219.1
Project("{8BC9CEB8-8B4A-11D0-8D11-00A0C91BC942}") = "Project Luka - Dog Adoption Database", "Project Luka - Dog Adoption Database.vcxproj", "{548AB460-CFAD-4997-8E6F-00EA74F01330}"
EndProject
Global
	GlobalSection(SolutionConfigurationPlatforms) = preSolution
		Debug|x64 = Debug|x64
		Debug|x86 = Debug|x86
		Release|x64 = Release|x64
		Release|x86 = Release|x86
	EndGlobalSection
	GlobalSection(ProjectConfigurationPlatforms) = postSolution
		{548AB460-CFAD-4997-8E6F-00EA74F01330}.Debug|x64.ActiveCfg = Debug|x64
		{548AB460-CFAD-4997-8E6F-00EA74F01330}.Debug|x64.Build.0 = Debug|x64
		{548AB460-CFAD-4997-8E6F-00EA74F01330}.Debug|x86.ActiveCfg = Debug|Win32
		{548AB460-CFAD-4997-8E6F-00EA74F01330}.Debug|x86.Build.0 = Debug|Win32
		{548AB460-CFAD-4997-8E6F-00EA74F01330}.Release|x64.ActiveCfg = Release|x64
		{548AB460-CFAD-4997-8E6F-00EA74F01330}.Release|x64.Build.0 = Release|x64
		{548AB460-CFAD-4997-8E6F-00EA74F01330}.Release|x86.ActiveCfg = Release|Win32
		{548AB460-CFAD-4997-8E6F-00EA74F01330}.Release|x86.Build.0 = Release|Win32
	EndGlobalSection
	GlobalSection(SolutionProperties) = preSolution
		HideSolutionNode = FALSE
	EndGlobalSection
	GlobalSection(ExtensibilityGlobals) = postSolution
		SolutionGuid = {D85DCC3E-42A0-4DCD-910D-FDCFDED439B3}
	EndGlobalSection
EndGlobal
